// !$*UTF8*$!
{
	archiveVersion = 1;
	classes = {
	};
	objectVersion = 50;
	objects = {

/* Begin PBXBuildFile section */
		00FB69B6FD6512A30216938B /* Pods_YesAirUITests.framework in Frameworks */ = {isa = PBXBuildFile; fileRef = 628A32E9A0A9BCDE25B2E702 /* Pods_YesAirUITests.framework */; };
		481B0A8D35BA5F80D178A5B2 /* Pods_YesAirTests.framework in Frameworks */ = {isa = PBXBuildFile; fileRef = 63F6918793C269FED3F83DD6 /* Pods_YesAirTests.framework */; };
		C51FC2BB20AE45680080E4CC /* AppDelegate.swift in Sources */ = {isa = PBXBuildFile; fileRef = C51FC2BA20AE45680080E4CC /* AppDelegate.swift */; };
		C51FC2BD20AE45680080E4CC /* ViewController.swift in Sources */ = {isa = PBXBuildFile; fileRef = C51FC2BC20AE45680080E4CC /* ViewController.swift */; };
		C51FC2C020AE45680080E4CC /* Main.storyboard in Resources */ = {isa = PBXBuildFile; fileRef = C51FC2BE20AE45680080E4CC /* Main.storyboard */; };
		C51FC2C220AE45690080E4CC /* Assets.xcassets in Resources */ = {isa = PBXBuildFile; fileRef = C51FC2C120AE45690080E4CC /* Assets.xcassets */; };
		C51FC2C520AE45690080E4CC /* LaunchScreen.storyboard in Resources */ = {isa = PBXBuildFile; fileRef = C51FC2C320AE45690080E4CC /* LaunchScreen.storyboard */; };
		C51FC2D020AE45690080E4CC /* YesAirTests.swift in Sources */ = {isa = PBXBuildFile; fileRef = C51FC2CF20AE45690080E4CC /* YesAirTests.swift */; };
		C51FC2DB20AE45690080E4CC /* YesAirUITests.swift in Sources */ = {isa = PBXBuildFile; fileRef = C51FC2DA20AE45690080E4CC /* YesAirUITests.swift */; };
		C51FC2E920AE535E0080E4CC /* CityCell.swift in Sources */ = {isa = PBXBuildFile; fileRef = C51FC2E820AE535E0080E4CC /* CityCell.swift */; };
		C57347F820BDFC5A00F45CD2 /* City.swift in Sources */ = {isa = PBXBuildFile; fileRef = C57347F720BDFC5A00F45CD2 /* City.swift */; };
		D03EAF2CEB0F9956367A51A0 /* Pods_YesAir.framework in Frameworks */ = {isa = PBXBuildFile; fileRef = E3899E728BE475A2F30AD702 /* Pods_YesAir.framework */; settings = {ATTRIBUTES = (Required, ); }; };
/* End PBXBuildFile section */

/* Begin PBXContainerItemProxy section */
		C51FC2CC20AE45690080E4CC /* PBXContainerItemProxy */ = {
			isa = PBXContainerItemProxy;
			containerPortal = C51FC2AF20AE45680080E4CC /* Project object */;
			proxyType = 1;
			remoteGlobalIDString = C51FC2B620AE45680080E4CC;
			remoteInfo = YesAir;
		};
		C51FC2D720AE45690080E4CC /* PBXContainerItemProxy */ = {
			isa = PBXContainerItemProxy;
			containerPortal = C51FC2AF20AE45680080E4CC /* Project object */;
			proxyType = 1;
			remoteGlobalIDString = C51FC2B620AE45680080E4CC;
			remoteInfo = YesAir;
		};
/* End PBXContainerItemProxy section */

/* Begin PBXFileReference section */
		4433072CCFEC8715083EEEB2 /* Pods-YesAirTests.debug.xcconfig */ = {isa = PBXFileReference; includeInIndex = 1; lastKnownFileType = text.xcconfig; name = "Pods-YesAirTests.debug.xcconfig"; path = "Pods/Target Support Files/Pods-YesAirTests/Pods-YesAirTests.debug.xcconfig"; sourceTree = "<group>"; };
		5D3C6BAA4E6BE3E91B51D1CE /* Pods-YesAirUITests.debug.xcconfig */ = {isa = PBXFileReference; includeInIndex = 1; lastKnownFileType = text.xcconfig; name = "Pods-YesAirUITests.debug.xcconfig"; path = "Pods/Target Support Files/Pods-YesAirUITests/Pods-YesAirUITests.debug.xcconfig"; sourceTree = "<group>"; };
		628A32E9A0A9BCDE25B2E702 /* Pods_YesAirUITests.framework */ = {isa = PBXFileReference; explicitFileType = wrapper.framework; includeInIndex = 0; path = Pods_YesAirUITests.framework; sourceTree = BUILT_PRODUCTS_DIR; };
		63F6918793C269FED3F83DD6 /* Pods_YesAirTests.framework */ = {isa = PBXFileReference; explicitFileType = wrapper.framework; includeInIndex = 0; path = Pods_YesAirTests.framework; sourceTree = BUILT_PRODUCTS_DIR; };
		6E1CEAFBDD8AAF67032CEEA4 /* Pods-YesAirUITests.release.xcconfig */ = {isa = PBXFileReference; includeInIndex = 1; lastKnownFileType = text.xcconfig; name = "Pods-YesAirUITests.release.xcconfig"; path = "Pods/Target Support Files/Pods-YesAirUITests/Pods-YesAirUITests.release.xcconfig"; sourceTree = "<group>"; };
		943DD971D9456EDCFB45C746 /* Pods-YesAir.release.xcconfig */ = {isa = PBXFileReference; includeInIndex = 1; lastKnownFileType = text.xcconfig; name = "Pods-YesAir.release.xcconfig"; path = "Pods/Target Support Files/Pods-YesAir/Pods-YesAir.release.xcconfig"; sourceTree = "<group>"; };
		A6947A68180837C4D4F2D421 /* Pods-YesAirTests.release.xcconfig */ = {isa = PBXFileReference; includeInIndex = 1; lastKnownFileType = text.xcconfig; name = "Pods-YesAirTests.release.xcconfig"; path = "Pods/Target Support Files/Pods-YesAirTests/Pods-YesAirTests.release.xcconfig"; sourceTree = "<group>"; };
		C51FC2B720AE45680080E4CC /* YesAir.app */ = {isa = PBXFileReference; explicitFileType = wrapper.application; includeInIndex = 0; path = YesAir.app; sourceTree = BUILT_PRODUCTS_DIR; };
		C51FC2BA20AE45680080E4CC /* AppDelegate.swift */ = {isa = PBXFileReference; lastKnownFileType = sourcecode.swift; path = AppDelegate.swift; sourceTree = "<group>"; };
		C51FC2BC20AE45680080E4CC /* ViewController.swift */ = {isa = PBXFileReference; lastKnownFileType = sourcecode.swift; path = ViewController.swift; sourceTree = "<group>"; };
		C51FC2BF20AE45680080E4CC /* Base */ = {isa = PBXFileReference; lastKnownFileType = file.storyboard; name = Base; path = Base.lproj/Main.storyboard; sourceTree = "<group>"; };
		C51FC2C120AE45690080E4CC /* Assets.xcassets */ = {isa = PBXFileReference; lastKnownFileType = folder.assetcatalog; path = Assets.xcassets; sourceTree = "<group>"; };
		C51FC2C420AE45690080E4CC /* Base */ = {isa = PBXFileReference; lastKnownFileType = file.storyboard; name = Base; path = Base.lproj/LaunchScreen.storyboard; sourceTree = "<group>"; };
		C51FC2C620AE45690080E4CC /* Info.plist */ = {isa = PBXFileReference; lastKnownFileType = text.plist.xml; path = Info.plist; sourceTree = "<group>"; };
		C51FC2CB20AE45690080E4CC /* YesAirTests.xctest */ = {isa = PBXFileReference; explicitFileType = wrapper.cfbundle; includeInIndex = 0; path = YesAirTests.xctest; sourceTree = BUILT_PRODUCTS_DIR; };
		C51FC2CF20AE45690080E4CC /* YesAirTests.swift */ = {isa = PBXFileReference; lastKnownFileType = sourcecode.swift; path = YesAirTests.swift; sourceTree = "<group>"; };
		C51FC2D120AE45690080E4CC /* Info.plist */ = {isa = PBXFileReference; lastKnownFileType = text.plist.xml; path = Info.plist; sourceTree = "<group>"; };
		C51FC2D620AE45690080E4CC /* YesAirUITests.xctest */ = {isa = PBXFileReference; explicitFileType = wrapper.cfbundle; includeInIndex = 0; path = YesAirUITests.xctest; sourceTree = BUILT_PRODUCTS_DIR; };
		C51FC2DA20AE45690080E4CC /* YesAirUITests.swift */ = {isa = PBXFileReference; lastKnownFileType = sourcecode.swift; path = YesAirUITests.swift; sourceTree = "<group>"; };
		C51FC2DC20AE45690080E4CC /* Info.plist */ = {isa = PBXFileReference; lastKnownFileType = text.plist.xml; path = Info.plist; sourceTree = "<group>"; };
		C51FC2E820AE535E0080E4CC /* CityCell.swift */ = {isa = PBXFileReference; lastKnownFileType = sourcecode.swift; path = CityCell.swift; sourceTree = "<group>"; };
		C57347F720BDFC5A00F45CD2 /* City.swift */ = {isa = PBXFileReference; lastKnownFileType = sourcecode.swift; path = City.swift; sourceTree = "<group>"; };
		D6B8FCF07BC1C9BDCDD5DE23 /* Pods-YesAir.debug.xcconfig */ = {isa = PBXFileReference; includeInIndex = 1; lastKnownFileType = text.xcconfig; name = "Pods-YesAir.debug.xcconfig"; path = "Pods/Target Support Files/Pods-YesAir/Pods-YesAir.debug.xcconfig"; sourceTree = "<group>"; };
		E3899E728BE475A2F30AD702 /* Pods_YesAir.framework */ = {isa = PBXFileReference; explicitFileType = wrapper.framework; includeInIndex = 0; path = Pods_YesAir.framework; sourceTree = BUILT_PRODUCTS_DIR; };
/* End PBXFileReference section */

/* Begin PBXFrameworksBuildPhase section */
		C51FC2B420AE45680080E4CC /* Frameworks */ = {
			isa = PBXFrameworksBuildPhase;
			buildActionMask = 2147483647;
			files = (
				D03EAF2CEB0F9956367A51A0 /* Pods_YesAir.framework in Frameworks */,
			);
			runOnlyForDeploymentPostprocessing = 0;
		};
		C51FC2C820AE45690080E4CC /* Frameworks */ = {
			isa = PBXFrameworksBuildPhase;
			buildActionMask = 2147483647;
			files = (
				481B0A8D35BA5F80D178A5B2 /* Pods_YesAirTests.framework in Frameworks */,
			);
			runOnlyForDeploymentPostprocessing = 0;
		};
		C51FC2D320AE45690080E4CC /* Frameworks */ = {
			isa = PBXFrameworksBuildPhase;
			buildActionMask = 2147483647;
			files = (
				00FB69B6FD6512A30216938B /* Pods_YesAirUITests.framework in Frameworks */,
			);
			runOnlyForDeploymentPostprocessing = 0;
		};
/* End PBXFrameworksBuildPhase section */

/* Begin PBXGroup section */
		1ED17434F6CEBABDFF618B09 /* Pods */ = {
			isa = PBXGroup;
			children = (
				D6B8FCF07BC1C9BDCDD5DE23 /* Pods-YesAir.debug.xcconfig */,
				943DD971D9456EDCFB45C746 /* Pods-YesAir.release.xcconfig */,
				4433072CCFEC8715083EEEB2 /* Pods-YesAirTests.debug.xcconfig */,
				A6947A68180837C4D4F2D421 /* Pods-YesAirTests.release.xcconfig */,
				5D3C6BAA4E6BE3E91B51D1CE /* Pods-YesAirUITests.debug.xcconfig */,
				6E1CEAFBDD8AAF67032CEEA4 /* Pods-YesAirUITests.release.xcconfig */,
			);
			name = Pods;
			sourceTree = "<group>";
		};
		78558A10A55EAE8B17BFF080 /* Frameworks */ = {
			isa = PBXGroup;
			children = (
				E3899E728BE475A2F30AD702 /* Pods_YesAir.framework */,
				63F6918793C269FED3F83DD6 /* Pods_YesAirTests.framework */,
				628A32E9A0A9BCDE25B2E702 /* Pods_YesAirUITests.framework */,
			);
			name = Frameworks;
			sourceTree = "<group>";
		};
		C51FC2AE20AE45680080E4CC = {
			isa = PBXGroup;
			children = (
				C51FC2B920AE45680080E4CC /* YesAir */,
				C51FC2CE20AE45690080E4CC /* YesAirTests */,
				C51FC2D920AE45690080E4CC /* YesAirUITests */,
				C51FC2B820AE45680080E4CC /* Products */,
				1ED17434F6CEBABDFF618B09 /* Pods */,
				78558A10A55EAE8B17BFF080 /* Frameworks */,
			);
			sourceTree = "<group>";
		};
		C51FC2B820AE45680080E4CC /* Products */ = {
			isa = PBXGroup;
			children = (
				C51FC2B720AE45680080E4CC /* YesAir.app */,
				C51FC2CB20AE45690080E4CC /* YesAirTests.xctest */,
				C51FC2D620AE45690080E4CC /* YesAirUITests.xctest */,
			);
			name = Products;
			sourceTree = "<group>";
		};
		C51FC2B920AE45680080E4CC /* YesAir */ = {
			isa = PBXGroup;
			children = (
				C51FC2BA20AE45680080E4CC /* AppDelegate.swift */,
				C51FC2BC20AE45680080E4CC /* ViewController.swift */,
				C51FC2BE20AE45680080E4CC /* Main.storyboard */,
				C51FC2E820AE535E0080E4CC /* CityCell.swift */,
				C51FC2C120AE45690080E4CC /* Assets.xcassets */,
				C51FC2C320AE45690080E4CC /* LaunchScreen.storyboard */,
				C51FC2C620AE45690080E4CC /* Info.plist */,
				C57347F720BDFC5A00F45CD2 /* City.swift */,
			);
			path = YesAir;
			sourceTree = "<group>";
		};
		C51FC2CE20AE45690080E4CC /* YesAirTests */ = {
			isa = PBXGroup;
			children = (
				C51FC2CF20AE45690080E4CC /* YesAirTests.swift */,
				C51FC2D120AE45690080E4CC /* Info.plist */,
			);
			path = YesAirTests;
			sourceTree = "<group>";
		};
		C51FC2D920AE45690080E4CC /* YesAirUITests */ = {
			isa = PBXGroup;
			children = (
				C51FC2DA20AE45690080E4CC /* YesAirUITests.swift */,
				C51FC2DC20AE45690080E4CC /* Info.plist */,
			);
			path = YesAirUITests;
			sourceTree = "<group>";
		};
/* End PBXGroup section */

/* Begin PBXNativeTarget section */
		C51FC2B620AE45680080E4CC /* YesAir */ = {
			isa = PBXNativeTarget;
			buildConfigurationList = C51FC2DF20AE45690080E4CC /* Build configuration list for PBXNativeTarget "YesAir" */;
			buildPhases = (
				E9E210C1F3D08314F6AEB8F5 /* [CP] Check Pods Manifest.lock */,
				C51FC2B320AE45680080E4CC /* Sources */,
				C51FC2B420AE45680080E4CC /* Frameworks */,
				C51FC2B520AE45680080E4CC /* Resources */,
				D37448969286A8FA72435586 /* [CP] Embed Pods Frameworks */,
			);
			buildRules = (
			);
			dependencies = (
			);
			name = YesAir;
			productName = YesAir;
			productReference = C51FC2B720AE45680080E4CC /* YesAir.app */;
			productType = "com.apple.product-type.application";
		};
		C51FC2CA20AE45690080E4CC /* YesAirTests */ = {
			isa = PBXNativeTarget;
			buildConfigurationList = C51FC2E220AE45690080E4CC /* Build configuration list for PBXNativeTarget "YesAirTests" */;
			buildPhases = (
				1154D2155B9BA53E8E4BB869 /* [CP] Check Pods Manifest.lock */,
				C51FC2C720AE45690080E4CC /* Sources */,
				C51FC2C820AE45690080E4CC /* Frameworks */,
				C51FC2C920AE45690080E4CC /* Resources */,
			);
			buildRules = (
			);
			dependencies = (
				C51FC2CD20AE45690080E4CC /* PBXTargetDependency */,
			);
			name = YesAirTests;
			productName = YesAirTests;
			productReference = C51FC2CB20AE45690080E4CC /* YesAirTests.xctest */;
			productType = "com.apple.product-type.bundle.unit-test";
		};
		C51FC2D520AE45690080E4CC /* YesAirUITests */ = {
			isa = PBXNativeTarget;
			buildConfigurationList = C51FC2E520AE45690080E4CC /* Build configuration list for PBXNativeTarget "YesAirUITests" */;
			buildPhases = (
				79C9C7B82C929463472F3711 /* [CP] Check Pods Manifest.lock */,
				C51FC2D220AE45690080E4CC /* Sources */,
				C51FC2D320AE45690080E4CC /* Frameworks */,
				C51FC2D420AE45690080E4CC /* Resources */,
			);
			buildRules = (
			);
			dependencies = (
				C51FC2D820AE45690080E4CC /* PBXTargetDependency */,
			);
			name = YesAirUITests;
			productName = YesAirUITests;
			productReference = C51FC2D620AE45690080E4CC /* YesAirUITests.xctest */;
			productType = "com.apple.product-type.bundle.ui-testing";
		};
/* End PBXNativeTarget section */

/* Begin PBXProject section */
		C51FC2AF20AE45680080E4CC /* Project object */ = {
			isa = PBXProject;
			attributes = {
				LastSwiftUpdateCheck = 0930;
				LastUpgradeCheck = 0930;
				ORGANIZATIONNAME = "Marlena Bowen";
				TargetAttributes = {
					C51FC2B620AE45680080E4CC = {
						CreatedOnToolsVersion = 9.3.1;
					};
					C51FC2CA20AE45690080E4CC = {
						CreatedOnToolsVersion = 9.3.1;
						TestTargetID = C51FC2B620AE45680080E4CC;
					};
					C51FC2D520AE45690080E4CC = {
						CreatedOnToolsVersion = 9.3.1;
						TestTargetID = C51FC2B620AE45680080E4CC;
					};
				};
			};
			buildConfigurationList = C51FC2B220AE45680080E4CC /* Build configuration list for PBXProject "YesAir" */;
			compatibilityVersion = "Xcode 9.3";
			developmentRegion = en;
			hasScannedForEncodings = 0;
			knownRegions = (
				en,
				Base,
			);
			mainGroup = C51FC2AE20AE45680080E4CC;
			productRefGroup = C51FC2B820AE45680080E4CC /* Products */;
			projectDirPath = "";
			projectRoot = "";
			targets = (
				C51FC2B620AE45680080E4CC /* YesAir */,
				C51FC2CA20AE45690080E4CC /* YesAirTests */,
				C51FC2D520AE45690080E4CC /* YesAirUITests */,
			);
		};
/* End PBXProject section */

/* Begin PBXResourcesBuildPhase section */
		C51FC2B520AE45680080E4CC /* Resources */ = {
			isa = PBXResourcesBuildPhase;
			buildActionMask = 2147483647;
			files = (
				C51FC2C520AE45690080E4CC /* LaunchScreen.storyboard in Resources */,
				C51FC2C220AE45690080E4CC /* Assets.xcassets in Resources */,
				C51FC2C020AE45680080E4CC /* Main.storyboard in Resources */,
			);
			runOnlyForDeploymentPostprocessing = 0;
		};
		C51FC2C920AE45690080E4CC /* Resources */ = {
			isa = PBXResourcesBuildPhase;
			buildActionMask = 2147483647;
			files = (
			);
			runOnlyForDeploymentPostprocessing = 0;
		};
		C51FC2D420AE45690080E4CC /* Resources */ = {
			isa = PBXResourcesBuildPhase;
			buildActionMask = 2147483647;
			files = (
			);
			runOnlyForDeploymentPostprocessing = 0;
		};
/* End PBXResourcesBuildPhase section */

/* Begin PBXShellScriptBuildPhase section */
		1154D2155B9BA53E8E4BB869 /* [CP] Check Pods Manifest.lock */ = {
			isa = PBXShellScriptBuildPhase;
			buildActionMask = 2147483647;
			files = (
			);
			inputPaths = (
				"${PODS_PODFILE_DIR_PATH}/Podfile.lock",
				"${PODS_ROOT}/Manifest.lock",
			);
			name = "[CP] Check Pods Manifest.lock";
			outputPaths = (
				"$(DERIVED_FILE_DIR)/Pods-YesAirTests-checkManifestLockResult.txt",
			);
			runOnlyForDeploymentPostprocessing = 0;
			shellPath = /bin/sh;
			shellScript = "diff \"${PODS_PODFILE_DIR_PATH}/Podfile.lock\" \"${PODS_ROOT}/Manifest.lock\" > /dev/null\nif [ $? != 0 ] ; then\n    # print error to STDERR\n    echo \"error: The sandbox is not in sync with the Podfile.lock. Run 'pod install' or update your CocoaPods installation.\" >&2\n    exit 1\nfi\n# This output is used by Xcode 'outputs' to avoid re-running this script phase.\necho \"SUCCESS\" > \"${SCRIPT_OUTPUT_FILE_0}\"\n";
			showEnvVarsInLog = 0;
		};
		79C9C7B82C929463472F3711 /* [CP] Check Pods Manifest.lock */ = {
			isa = PBXShellScriptBuildPhase;
			buildActionMask = 2147483647;
			files = (
			);
			inputPaths = (
				"${PODS_PODFILE_DIR_PATH}/Podfile.lock",
				"${PODS_ROOT}/Manifest.lock",
			);
			name = "[CP] Check Pods Manifest.lock";
			outputPaths = (
				"$(DERIVED_FILE_DIR)/Pods-YesAirUITests-checkManifestLockResult.txt",
			);
			runOnlyForDeploymentPostprocessing = 0;
			shellPath = /bin/sh;
			shellScript = "diff \"${PODS_PODFILE_DIR_PATH}/Podfile.lock\" \"${PODS_ROOT}/Manifest.lock\" > /dev/null\nif [ $? != 0 ] ; then\n    # print error to STDERR\n    echo \"error: The sandbox is not in sync with the Podfile.lock. Run 'pod install' or update your CocoaPods installation.\" >&2\n    exit 1\nfi\n# This output is used by Xcode 'outputs' to avoid re-running this script phase.\necho \"SUCCESS\" > \"${SCRIPT_OUTPUT_FILE_0}\"\n";
			showEnvVarsInLog = 0;
		};
		D37448969286A8FA72435586 /* [CP] Embed Pods Frameworks */ = {
			isa = PBXShellScriptBuildPhase;
			buildActionMask = 2147483647;
			files = (
			);
			inputPaths = (
				"${SRCROOT}/Pods/Target Support Files/Pods-YesAir/Pods-YesAir-frameworks.sh",
				"${BUILT_PRODUCTS_DIR}/Alamofire/Alamofire.framework",
			);
			name = "[CP] Embed Pods Frameworks";
			outputPaths = (
				"${TARGET_BUILD_DIR}/${FRAMEWORKS_FOLDER_PATH}/Alamofire.framework",
			);
			runOnlyForDeploymentPostprocessing = 0;
			shellPath = /bin/sh;
			shellScript = "\"${SRCROOT}/Pods/Target Support Files/Pods-YesAir/Pods-YesAir-frameworks.sh\"\n";
			showEnvVarsInLog = 0;
		};
		E9E210C1F3D08314F6AEB8F5 /* [CP] Check Pods Manifest.lock */ = {
			isa = PBXShellScriptBuildPhase;
			buildActionMask = 2147483647;
			files = (
			);
			inputPaths = (
				"${PODS_PODFILE_DIR_PATH}/Podfile.lock",
				"${PODS_ROOT}/Manifest.lock",
			);
			name = "[CP] Check Pods Manifest.lock";
			outputPaths = (
				"$(DERIVED_FILE_DIR)/Pods-YesAir-checkManifestLockResult.txt",
			);
			runOnlyForDeploymentPostprocessing = 0;
			shellPath = /bin/sh;
			shellScript = "diff \"${PODS_PODFILE_DIR_PATH}/Podfile.lock\" \"${PODS_ROOT}/Manifest.lock\" > /dev/null\nif [ $? != 0 ] ; then\n    # print error to STDERR\n    echo \"error: The sandbox is not in sync with the Podfile.lock. Run 'pod install' or update your CocoaPods installation.\" >&2\n    exit 1\nfi\n# This output is used by Xcode 'outputs' to avoid re-running this script phase.\necho \"SUCCESS\" > \"${SCRIPT_OUTPUT_FILE_0}\"\n";
			showEnvVarsInLog = 0;
		};
/* End PBXShellScriptBuildPhase section */

/* Begin PBXSourcesBuildPhase section */
		C51FC2B320AE45680080E4CC /* Sources */ = {
			isa = PBXSourcesBuildPhase;
			buildActionMask = 2147483647;
			files = (
				C57347F820BDFC5A00F45CD2 /* City.swift in Sources */,
				C51FC2BD20AE45680080E4CC /* ViewController.swift in Sources */,
				C51FC2BB20AE45680080E4CC /* AppDelegate.swift in Sources */,
				C51FC2E920AE535E0080E4CC /* CityCell.swift in Sources */,
			);
			runOnlyForDeploymentPostprocessing = 0;
		};
		C51FC2C720AE45690080E4CC /* Sources */ = {
			isa = PBXSourcesBuildPhase;
			buildActionMask = 2147483647;
			files = (
				C51FC2D020AE45690080E4CC /* YesAirTests.swift in Sources */,
			);
			runOnlyForDeploymentPostprocessing = 0;
		};
		C51FC2D220AE45690080E4CC /* Sources */ = {
			isa = PBXSourcesBuildPhase;
			buildActionMask = 2147483647;
			files = (
				C51FC2DB20AE45690080E4CC /* YesAirUITests.swift in Sources */,
			);
			runOnlyForDeploymentPostprocessing = 0;
		};
/* End PBXSourcesBuildPhase section */

/* Begin PBXTargetDependency section */
		C51FC2CD20AE45690080E4CC /* PBXTargetDependency */ = {
			isa = PBXTargetDependency;
			target = C51FC2B620AE45680080E4CC /* YesAir */;
			targetProxy = C51FC2CC20AE45690080E4CC /* PBXContainerItemProxy */;
		};
		C51FC2D820AE45690080E4CC /* PBXTargetDependency */ = {
			isa = PBXTargetDependency;
			target = C51FC2B620AE45680080E4CC /* YesAir */;
			targetProxy = C51FC2D720AE45690080E4CC /* PBXContainerItemProxy */;
		};
/* End PBXTargetDependency section */

/* Begin PBXVariantGroup section */
		C51FC2BE20AE45680080E4CC /* Main.storyboard */ = {
			isa = PBXVariantGroup;
			children = (
				C51FC2BF20AE45680080E4CC /* Base */,
			);
			name = Main.storyboard;
			sourceTree = "<group>";
		};
		C51FC2C320AE45690080E4CC /* LaunchScreen.storyboard */ = {
			isa = PBXVariantGroup;
			children = (
				C51FC2C420AE45690080E4CC /* Base */,
			);
			name = LaunchScreen.storyboard;
			sourceTree = "<group>";
		};
/* End PBXVariantGroup section */

/* Begin XCBuildConfiguration section */
		C51FC2DD20AE45690080E4CC /* Debug */ = {
			isa = XCBuildConfiguration;
			buildSettings = {
				ALWAYS_SEARCH_USER_PATHS = NO;
				CLANG_ANALYZER_NONNULL = YES;
				CLANG_ANALYZER_NUMBER_OBJECT_CONVERSION = YES_AGGRESSIVE;
				CLANG_CXX_LANGUAGE_STANDARD = "gnu++14";
				CLANG_CXX_LIBRARY = "libc++";
				CLANG_ENABLE_MODULES = YES;
				CLANG_ENABLE_OBJC_ARC = YES;
				CLANG_ENABLE_OBJC_WEAK = YES;
				CLANG_WARN_BLOCK_CAPTURE_AUTORELEASING = YES;
				CLANG_WARN_BOOL_CONVERSION = YES;
				CLANG_WARN_COMMA = YES;
				CLANG_WARN_CONSTANT_CONVERSION = YES;
				CLANG_WARN_DEPRECATED_OBJC_IMPLEMENTATIONS = YES;
				CLANG_WARN_DIRECT_OBJC_ISA_USAGE = YES_ERROR;
				CLANG_WARN_DOCUMENTATION_COMMENTS = YES;
				CLANG_WARN_EMPTY_BODY = YES;
				CLANG_WARN_ENUM_CONVERSION = YES;
				CLANG_WARN_INFINITE_RECURSION = YES;
				CLANG_WARN_INT_CONVERSION = YES;
				CLANG_WARN_NON_LITERAL_NULL_CONVERSION = YES;
				CLANG_WARN_OBJC_IMPLICIT_RETAIN_SELF = YES;
				CLANG_WARN_OBJC_LITERAL_CONVERSION = YES;
				CLANG_WARN_OBJC_ROOT_CLASS = YES_ERROR;
				CLANG_WARN_RANGE_LOOP_ANALYSIS = YES;
				CLANG_WARN_STRICT_PROTOTYPES = YES;
				CLANG_WARN_SUSPICIOUS_MOVE = YES;
				CLANG_WARN_UNGUARDED_AVAILABILITY = YES_AGGRESSIVE;
				CLANG_WARN_UNREACHABLE_CODE = YES;
				CLANG_WARN__DUPLICATE_METHOD_MATCH = YES;
				CODE_SIGN_IDENTITY = "iPhone Developer";
				COPY_PHASE_STRIP = NO;
				DEBUG_INFORMATION_FORMAT = dwarf;
				ENABLE_STRICT_OBJC_MSGSEND = YES;
				ENABLE_TESTABILITY = YES;
				GCC_C_LANGUAGE_STANDARD = gnu11;
				GCC_DYNAMIC_NO_PIC = NO;
				GCC_NO_COMMON_BLOCKS = YES;
				GCC_OPTIMIZATION_LEVEL = 0;
				GCC_PREPROCESSOR_DEFINITIONS = (
					"DEBUG=1",
					"$(inherited)",
				);
				GCC_WARN_64_TO_32_BIT_CONVERSION = YES;
				GCC_WARN_ABOUT_RETURN_TYPE = YES_ERROR;
				GCC_WARN_UNDECLARED_SELECTOR = YES;
				GCC_WARN_UNINITIALIZED_AUTOS = YES_AGGRESSIVE;
				GCC_WARN_UNUSED_FUNCTION = YES;
				GCC_WARN_UNUSED_VARIABLE = YES;
				IPHONEOS_DEPLOYMENT_TARGET = 11.3;
				MTL_ENABLE_DEBUG_INFO = YES;
				ONLY_ACTIVE_ARCH = YES;
				SDKROOT = iphoneos;
				SWIFT_ACTIVE_COMPILATION_CONDITIONS = DEBUG;
				SWIFT_OPTIMIZATION_LEVEL = "-Onone";
			};
			name = Debug;
		};
		C51FC2DE20AE45690080E4CC /* Release */ = {
			isa = XCBuildConfiguration;
			buildSettings = {
				ALWAYS_SEARCH_USER_PATHS = NO;
				CLANG_ANALYZER_NONNULL = YES;
				CLANG_ANALYZER_NUMBER_OBJECT_CONVERSION = YES_AGGRESSIVE;
				CLANG_CXX_LANGUAGE_STANDARD = "gnu++14";
				CLANG_CXX_LIBRARY = "libc++";
				CLANG_ENABLE_MODULES = YES;
				CLANG_ENABLE_OBJC_ARC = YES;
				CLANG_ENABLE_OBJC_WEAK = YES;
				CLANG_WARN_BLOCK_CAPTURE_AUTORELEASING = YES;
				CLANG_WARN_BOOL_CONVERSION = YES;
				CLANG_WARN_COMMA = YES;
				CLANG_WARN_CONSTANT_CONVERSION = YES;
				CLANG_WARN_DEPRECATED_OBJC_IMPLEMENTATIONS = YES;
				CLANG_WARN_DIRECT_OBJC_ISA_USAGE = YES_ERROR;
				CLANG_WARN_DOCUMENTATION_COMMENTS = YES;
				CLANG_WARN_EMPTY_BODY = YES;
				CLANG_WARN_ENUM_CONVERSION = YES;
				CLANG_WARN_INFINITE_RECURSION = YES;
				CLANG_WARN_INT_CONVERSION = YES;
				CLANG_WARN_NON_LITERAL_NULL_CONVERSION = YES;
				CLANG_WARN_OBJC_IMPLICIT_RETAIN_SELF = YES;
				CLANG_WARN_OBJC_LITERAL_CONVERSION = YES;
				CLANG_WARN_OBJC_ROOT_CLASS = YES_ERROR;
				CLANG_WARN_RANGE_LOOP_ANALYSIS = YES;
				CLANG_WARN_STRICT_PROTOTYPES = YES;
				CLANG_WARN_SUSPICIOUS_MOVE = YES;
				CLANG_WARN_UNGUARDED_AVAILABILITY = YES_AGGRESSIVE;
				CLANG_WARN_UNREACHABLE_CODE = YES;
				CLANG_WARN__DUPLICATE_METHOD_MATCH = YES;
				CODE_SIGN_IDENTITY = "iPhone Developer";
				COPY_PHASE_STRIP = NO;
				DEBUG_INFORMATION_FORMAT = "dwarf-with-dsym";
				ENABLE_NS_ASSERTIONS = NO;
				ENABLE_STRICT_OBJC_MSGSEND = YES;
				GCC_C_LANGUAGE_STANDARD = gnu11;
				GCC_NO_COMMON_BLOCKS = YES;
				GCC_WARN_64_TO_32_BIT_CONVERSION = YES;
				GCC_WARN_ABOUT_RETURN_TYPE = YES_ERROR;
				GCC_WARN_UNDECLARED_SELECTOR = YES;
				GCC_WARN_UNINITIALIZED_AUTOS = YES_AGGRESSIVE;
				GCC_WARN_UNUSED_FUNCTION = YES;
				GCC_WARN_UNUSED_VARIABLE = YES;
				IPHONEOS_DEPLOYMENT_TARGET = 11.3;
				MTL_ENABLE_DEBUG_INFO = NO;
				SDKROOT = iphoneos;
				SWIFT_COMPILATION_MODE = wholemodule;
				SWIFT_OPTIMIZATION_LEVEL = "-O";
				VALIDATE_PRODUCT = YES;
			};
			name = Release;
		};
		C51FC2E020AE45690080E4CC /* Debug */ = {
			isa = XCBuildConfiguration;
			baseConfigurationReference = D6B8FCF07BC1C9BDCDD5DE23 /* Pods-YesAir.debug.xcconfig */;
			buildSettings = {
				ASSETCATALOG_COMPILER_APPICON_NAME = AppIcon;
				CODE_SIGN_STYLE = Automatic;
				DEVELOPMENT_TEAM = P325N4292S;
				INFOPLIST_FILE = YesAir/Info.plist;
				LD_RUNPATH_SEARCH_PATHS = (
					"$(inherited)",
					"@executable_path/Frameworks",
				);
				PRODUCT_BUNDLE_IDENTIFIER = com.MarlenaBowen.YesAir;
				PRODUCT_NAME = "$(TARGET_NAME)";
				SWIFT_VERSION = 4.0;
				TARGETED_DEVICE_FAMILY = "1,2";
			};
			name = Debug;
		};
		C51FC2E120AE45690080E4CC /* Release */ = {
			isa = XCBuildConfiguration;
			baseConfigurationReference = 943DD971D9456EDCFB45C746 /* Pods-YesAir.release.xcconfig */;
			buildSettings = {
				ASSETCATALOG_COMPILER_APPICON_NAME = AppIcon;
				CODE_SIGN_STYLE = Automatic;
				DEVELOPMENT_TEAM = P325N4292S;
				INFOPLIST_FILE = YesAir/Info.plist;
				LD_RUNPATH_SEARCH_PATHS = (
					"$(inherited)",
					"@executable_path/Frameworks",
				);
				PRODUCT_BUNDLE_IDENTIFIER = com.MarlenaBowen.YesAir;
				PRODUCT_NAME = "$(TARGET_NAME)";
				SWIFT_VERSION = 4.0;
				TARGETED_DEVICE_FAMILY = "1,2";
			};
			name = Release;
		};
		C51FC2E320AE45690080E4CC /* Debug */ = {
			isa = XCBuildConfiguration;
			baseConfigurationReference = 4433072CCFEC8715083EEEB2 /* Pods-YesAirTests.debug.xcconfig */;
			buildSettings = {
				ALWAYS_EMBED_SWIFT_STANDARD_LIBRARIES = YES;
				BUNDLE_LOADER = "$(TEST_HOST)";
				CODE_SIGN_STYLE = Automatic;
				DEVELOPMENT_TEAM = P325N4292S;
				INFOPLIST_FILE = YesAirTests/Info.plist;
				LD_RUNPATH_SEARCH_PATHS = (
					"$(inherited)",
					"@executable_path/Frameworks",
					"@loader_path/Frameworks",
				);
				PRODUCT_BUNDLE_IDENTIFIER = com.MarlenaBowen.YesAirTests;
				PRODUCT_NAME = "$(TARGET_NAME)";
				SWIFT_VERSION = 4.0;
				TARGETED_DEVICE_FAMILY = "1,2";
				TEST_HOST = "$(BUILT_PRODUCTS_DIR)/YesAir.app/YesAir";
			};
			name = Debug;
		};
		C51FC2E420AE45690080E4CC /* Release */ = {
			isa = XCBuildConfiguration;
			baseConfigurationReference = A6947A68180837C4D4F2D421 /* Pods-YesAirTests.release.xcconfig */;
			buildSettings = {
				ALWAYS_EMBED_SWIFT_STANDARD_LIBRARIES = YES;
				BUNDLE_LOADER = "$(TEST_HOST)";
				CODE_SIGN_STYLE = Automatic;
				DEVELOPMENT_TEAM = P325N4292S;
				INFOPLIST_FILE = YesAirTests/Info.plist;
				LD_RUNPATH_SEARCH_PATHS = (
					"$(inherited)",
					"@executable_path/Frameworks",
					"@loader_path/Frameworks",
				);
				PRODUCT_BUNDLE_IDENTIFIER = com.MarlenaBowen.YesAirTests;
				PRODUCT_NAME = "$(TARGET_NAME)";
				SWIFT_VERSION = 4.0;
				TARGETED_DEVICE_FAMILY = "1,2";
				TEST_HOST = "$(BUILT_PRODUCTS_DIR)/YesAir.app/YesAir";
			};
			name = Release;
		};
		C51FC2E620AE45690080E4CC /* Debug */ = {
			isa = XCBuildConfiguration;
			baseConfigurationReference = 5D3C6BAA4E6BE3E91B51D1CE /* Pods-YesAirUITests.debug.xcconfig */;
			buildSettings = {
				ALWAYS_EMBED_SWIFT_STANDARD_LIBRARIES = YES;
				CODE_SIGN_STYLE = Automatic;
				DEVELOPMENT_TEAM = P325N4292S;
				INFOPLIST_FILE = YesAirUITests/Info.plist;
				LD_RUNPATH_SEARCH_PATHS = (
					"$(inherited)",
					"@executable_path/Frameworks",
					"@loader_path/Frameworks",
				);
				PRODUCT_BUNDLE_IDENTIFIER = com.MarlenaBowen.YesAirUITests;
				PRODUCT_NAME = "$(TARGET_NAME)";
				SWIFT_VERSION = 4.0;
				TARGETED_DEVICE_FAMILY = "1,2";
				TEST_TARGET_NAME = YesAir;
			};
			name = Debug;
		};
		C51FC2E720AE45690080E4CC /* Release */ = {
			isa = XCBuildConfiguration;
			baseConfigurationReference = 6E1CEAFBDD8AAF67032CEEA4 /* Pods-YesAirUITests.release.xcconfig */;
			buildSettings = {
				ALWAYS_EMBED_SWIFT_STANDARD_LIBRARIES = YES;
				CODE_SIGN_STYLE = Automatic;
				DEVELOPMENT_TEAM = P325N4292S;
				INFOPLIST_FILE = YesAirUITests/Info.plist;
				LD_RUNPATH_SEARCH_PATHS = (
					"$(inherited)",
					"@executable_path/Frameworks",
					"@loader_path/Frameworks",
				);
				PRODUCT_BUNDLE_IDENTIFIER = com.MarlenaBowen.YesAirUITests;
				PRODUCT_NAME = "$(TARGET_NAME)";
				SWIFT_VERSION = 4.0;
				TARGETED_DEVICE_FAMILY = "1,2";
				TEST_TARGET_NAME = YesAir;
			};
			name = Release;
		};
/* End XCBuildConfiguration section */

/* Begin XCConfigurationList section */
		C51FC2B220AE45680080E4CC /* Build configuration list for PBXProject "YesAir" */ = {
			isa = XCConfigurationList;
			buildConfigurations = (
				C51FC2DD20AE45690080E4CC /* Debug */,
				C51FC2DE20AE45690080E4CC /* Release */,
			);
			defaultConfigurationIsVisible = 0;
			defaultConfigurationName = Release;
		};
		C51FC2DF20AE45690080E4CC /* Build configuration list for PBXNativeTarget "YesAir" */ = {
			isa = XCConfigurationList;
			buildConfigurations = (
				C51FC2E020AE45690080E4CC /* Debug */,
				C51FC2E120AE45690080E4CC /* Release */,
			);
			defaultConfigurationIsVisible = 0;
			defaultConfigurationName = Release;
		};
		C51FC2E220AE45690080E4CC /* Build configuration list for PBXNativeTarget "YesAirTests" */ = {
			isa = XCConfigurationList;
			buildConfigurations = (
				C51FC2E320AE45690080E4CC /* Debug */,
				C51FC2E420AE45690080E4CC /* Release */,
			);
			defaultConfigurationIsVisible = 0;
			defaultConfigurationName = Release;
		};
		C51FC2E520AE45690080E4CC /* Build configuration list for PBXNativeTarget "YesAirUITests" */ = {
			isa = XCConfigurationList;
			buildConfigurations = (
				C51FC2E620AE45690080E4CC /* Debug */,
				C51FC2E720AE45690080E4CC /* Release */,
			);
			defaultConfigurationIsVisible = 0;
			defaultConfigurationName = Release;
		};
/* End XCConfigurationList section */
	};
	rootObject = C51FC2AF20AE45680080E4CC /* Project object */;
}
